
Microsoft Visual Studio Solution File, Format Version 12.00
								# Visual Studio Version 17
								VisualStudioVersion = 17.5.002.0
								MinimumVisualStudioVersion = 10.0.40219.1
								Project("{FAE04EC0-301F-11D3-BF4B-00C04F79EFBC}") = "ReRoboRecords.FrontEnd", "ReRoboRecords.FrontEnd\ReRoboRecords.FrontEnd.csproj", "{94EE639A-1F5A-4EBF-9106-99E07E62D2BF}"
								EndProject
								Project("{FAE04EC0-301F-11D3-BF4B-00C04F79EFBC}") = "ReRoboRecords.BackEnd", "ReRoboRecords.BackEnd\ReRoboRecords.BackEnd.csproj", "{EA06375C-B129-43C3-A2B0-BAF4BF606814}"
								EndProject
								Project("{FAE04EC0-301F-11D3-BF4B-00C04F79EFBC}") = "ReRoboRecords.Shared", "ReRoboRecords.Shared\ReRoboRecords.Shared.csproj", "{BC771120-7C69-482C-A539-3AD81EAF870D}"
								EndProject
								Global
								GlobalSection(SolutionConfigurationPlatforms) = preSolution
								Debug|Any CPU = Debug|Any CPU
								Release|Any CPU = Release|Any CPU
								EndGlobalSection
								GlobalSection(ProjectConfigurationPlatforms) = postSolution
									{94EE639A-1F5A-4EBF-9106-99E07E62D2BF}.Debug|Any CPU.ActiveCfg = Debug|Any CPU
									{94EE639A-1F5A-4EBF-9106-99E07E62D2BF}.Debug|Any CPU.Build.0 = Debug|Any CPU
									{94EE639A-1F5A-4EBF-9106-99E07E62D2BF}.Release|Any CPU.ActiveCfg = Release|Any CPU
									{94EE639A-1F5A-4EBF-9106-99E07E62D2BF}.Release|Any CPU.Build.0 = Release|Any CPU
									{EA06375C-B129-43C3-A2B0-BAF4BF606814}.Debug|Any CPU.ActiveCfg = Debug|Any CPU
									{EA06375C-B129-43C3-A2B0-BAF4BF606814}.Debug|Any CPU.Build.0 = Debug|Any CPU
									{EA06375C-B129-43C3-A2B0-BAF4BF606814}.Release|Any CPU.ActiveCfg = Release|Any CPU
									{EA06375C-B129-43C3-A2B0-BAF4BF606814}.Release|Any CPU.Build.0 = Release|Any CPU
									{BC771120-7C69-482C-A539-3AD81EAF870D}.Debug|Any CPU.ActiveCfg = Debug|Any CPU
									{BC771120-7C69-482C-A539-3AD81EAF870D}.Debug|Any CPU.Build.0 = Debug|Any CPU
									{BC771120-7C69-482C-A539-3AD81EAF870D}.Release|Any CPU.ActiveCfg = Release|Any CPU
									{BC771120-7C69-482C-A539-3AD81EAF870D}.Release|Any CPU.Build.0 = Release|Any CPU
								EndGlobalSection
								GlobalSection(SolutionProperties) = preSolution
								HideSolutionNode = FALSE
								EndGlobalSection
								GlobalSection(ExtensibilityGlobals) = postSolution
								SolutionGuid = {4BDF886A-7CEA-41C9-BB15-A6B94229FFC2}
								EndGlobalSection
								EndGlobal
